
Microsoft Visual Studio Solution File, Format Version 12.00
# Visual Studio Version 16
VisualStudioVersion = 16.0.31702.278
MinimumVisualStudioVersion = 10.0.40219.1
Project("{8BC9CEB8-8B4A-11D0-8D11-00A0C91BC942}") = "push1st-server", "push1st-server\push1st-server.vcxproj", "{F627D8BA-FA83-466F-ABC8-3ABB9542E5B4}"
EndProject
Project("{2150E333-8FDC-42A3-9474-1A3956D46DE8}") = "guide", "guide", "{23C6820B-C063-405B-8D4A-3C56AE34CF95}"
	ProjectSection(SolutionItems) = preProject
		LICENSE = LICENSE
		README.md = README.md
	EndProjectSection
EndProject
Project("{8BC9CEB8-8B4A-11D0-8D11-00A0C91BC942}") = "inet", "lib\inet\inet.vcxitems", "{F50A7F3A-5CD5-44DD-9F36-421AEBC3F696}"
EndProject
Project("{8BC9CEB8-8B4A-11D0-8D11-00A0C91BC942}") = "http", "lib\http\http.vcxitems", "{C2D2EBF3-BC54-42FB-8667-2265135B5469}"
EndProject
Project("{2150E333-8FDC-42A3-9474-1A3956D46DE8}") = "test", "test", "{02C7B5F7-B081-4187-8FEF-02EAE4708BB7}"
	ProjectSection(SolutionItems) = preProject
		test\pusher-cli.html = test\pusher-cli.html
		test\pusher-cli.js = test\pusher-cli.js
	EndProjectSection
EndProject
Project("{2150E333-8FDC-42A3-9474-1A3956D46DE8}") = "make", "make", "{A7E7FAB1-BF0E-4110-9517-8166C517D706}"
	ProjectSection(SolutionItems) = preProject
		.github\workflows\ubuntu.yml = .github\workflows\ubuntu.yml
	EndProjectSection
EndProject
Global
	GlobalSection(SharedMSBuildProjectFiles) = preSolution
		lib\http\http.vcxitems*{c2d2ebf3-bc54-42fb-8667-2265135b5469}*SharedItemsImports = 9
		lib\inet\inet.vcxitems*{f50a7f3a-5cd5-44dd-9f36-421aebc3f696}*SharedItemsImports = 9
		lib\http\http.vcxitems*{f627d8ba-fa83-466f-abc8-3abb9542e5b4}*SharedItemsImports = 4
		lib\inet\inet.vcxitems*{f627d8ba-fa83-466f-abc8-3abb9542e5b4}*SharedItemsImports = 4
	EndGlobalSection
	GlobalSection(SolutionConfigurationPlatforms) = preSolution
		Debug|ARM = Debug|ARM
		Debug|ARM64 = Debug|ARM64
		Debug|x64 = Debug|x64
		Debug|x86 = Debug|x86
		node1|ARM = node1|ARM
		node1|ARM64 = node1|ARM64
		node1|x64 = node1|x64
		node1|x86 = node1|x86
		node2|ARM = node2|ARM
		node2|ARM64 = node2|ARM64
		node2|x64 = node2|x64
		node2|x86 = node2|x86
		Release|ARM = Release|ARM
		Release|ARM64 = Release|ARM64
		Release|x64 = Release|x64
		Release|x86 = Release|x86
	EndGlobalSection
	GlobalSection(ProjectConfigurationPlatforms) = postSolution
		{F627D8BA-FA83-466F-ABC8-3ABB9542E5B4}.Debug|ARM.ActiveCfg = Debug|ARM
		{F627D8BA-FA83-466F-ABC8-3ABB9542E5B4}.Debug|ARM.Build.0 = Debug|ARM
		{F627D8BA-FA83-466F-ABC8-3ABB9542E5B4}.Debug|ARM.Deploy.0 = Debug|ARM
		{F627D8BA-FA83-466F-ABC8-3ABB9542E5B4}.Debug|ARM64.ActiveCfg = Debug|ARM64
		{F627D8BA-FA83-466F-ABC8-3ABB9542E5B4}.Debug|ARM64.Build.0 = Debug|ARM64
		{F627D8BA-FA83-466F-ABC8-3ABB9542E5B4}.Debug|ARM64.Deploy.0 = Debug|ARM64
		{F627D8BA-FA83-466F-ABC8-3ABB9542E5B4}.Debug|x64.ActiveCfg = Debug|x64
		{F627D8BA-FA83-466F-ABC8-3ABB9542E5B4}.Debug|x64.Build.0 = Debug|x64
		{F627D8BA-FA83-466F-ABC8-3ABB9542E5B4}.Debug|x64.Deploy.0 = Debug|x64
		{F627D8BA-FA83-466F-ABC8-3ABB9542E5B4}.Debug|x86.ActiveCfg = Debug|x86
		{F627D8BA-FA83-466F-ABC8-3ABB9542E5B4}.Debug|x86.Build.0 = Debug|x86
		{F627D8BA-FA83-466F-ABC8-3ABB9542E5B4}.Debug|x86.Deploy.0 = Debug|x86
		{F627D8BA-FA83-466F-ABC8-3ABB9542E5B4}.node1|ARM.ActiveCfg = node1|ARM
		{F627D8BA-FA83-466F-ABC8-3ABB9542E5B4}.node1|ARM.Build.0 = node1|ARM
		{F627D8BA-FA83-466F-ABC8-3ABB9542E5B4}.node1|ARM.Deploy.0 = node1|ARM
		{F627D8BA-FA83-466F-ABC8-3ABB9542E5B4}.node1|ARM64.ActiveCfg = node1|ARM64
		{F627D8BA-FA83-466F-ABC8-3ABB9542E5B4}.node1|ARM64.Build.0 = node1|ARM64
		{F627D8BA-FA83-466F-ABC8-3ABB9542E5B4}.node1|ARM64.Deploy.0 = node1|ARM64
		{F627D8BA-FA83-466F-ABC8-3ABB9542E5B4}.node1|x64.ActiveCfg = node1|x64
		{F627D8BA-FA83-466F-ABC8-3ABB9542E5B4}.node1|x64.Build.0 = node1|x64
		{F627D8BA-FA83-466F-ABC8-3ABB9542E5B4}.node1|x64.Deploy.0 = node1|x64
		{F627D8BA-FA83-466F-ABC8-3ABB9542E5B4}.node1|x86.ActiveCfg = node1|x86
		{F627D8BA-FA83-466F-ABC8-3ABB9542E5B4}.node1|x86.Build.0 = node1|x86
		{F627D8BA-FA83-466F-ABC8-3ABB9542E5B4}.node1|x86.Deploy.0 = node1|x86
		{F627D8BA-FA83-466F-ABC8-3ABB9542E5B4}.node2|ARM.ActiveCfg = node2|ARM
		{F627D8BA-FA83-466F-ABC8-3ABB9542E5B4}.node2|ARM.Build.0 = node2|ARM
		{F627D8BA-FA83-466F-ABC8-3ABB9542E5B4}.node2|ARM.Deploy.0 = node2|ARM
		{F627D8BA-FA83-466F-ABC8-3ABB9542E5B4}.node2|ARM64.ActiveCfg = node2|ARM64
		{F627D8BA-FA83-466F-ABC8-3ABB9542E5B4}.node2|ARM64.Build.0 = node2|ARM64
		{F627D8BA-FA83-466F-ABC8-3ABB9542E5B4}.node2|ARM64.Deploy.0 = node2|ARM64
		{F627D8BA-FA83-466F-ABC8-3ABB9542E5B4}.node2|x64.ActiveCfg = node2|x64
		{F627D8BA-FA83-466F-ABC8-3ABB9542E5B4}.node2|x64.Build.0 = node2|x64
		{F627D8BA-FA83-466F-ABC8-3ABB9542E5B4}.node2|x64.Deploy.0 = node2|x64
		{F627D8BA-FA83-466F-ABC8-3ABB9542E5B4}.node2|x86.ActiveCfg = node2|x86
		{F627D8BA-FA83-466F-ABC8-3ABB9542E5B4}.node2|x86.Build.0 = node2|x86
		{F627D8BA-FA83-466F-ABC8-3ABB9542E5B4}.node2|x86.Deploy.0 = node2|x86
		{F627D8BA-FA83-466F-ABC8-3ABB9542E5B4}.Release|ARM.ActiveCfg = Release|ARM
		{F627D8BA-FA83-466F-ABC8-3ABB9542E5B4}.Release|ARM.Build.0 = Release|ARM
		{F627D8BA-FA83-466F-ABC8-3ABB9542E5B4}.Release|ARM.Deploy.0 = Release|ARM
		{F627D8BA-FA83-466F-ABC8-3ABB9542E5B4}.Release|ARM64.ActiveCfg = Release|ARM64
		{F627D8BA-FA83-466F-ABC8-3ABB9542E5B4}.Release|ARM64.Build.0 = Release|ARM64
		{F627D8BA-FA83-466F-ABC8-3ABB9542E5B4}.Release|ARM64.Deploy.0 = Release|ARM64
		{F627D8BA-FA83-466F-ABC8-3ABB9542E5B4}.Release|x64.ActiveCfg = Release|x64
		{F627D8BA-FA83-466F-ABC8-3ABB9542E5B4}.Release|x64.Build.0 = Release|x64
		{F627D8BA-FA83-466F-ABC8-3ABB9542E5B4}.Release|x64.Deploy.0 = Release|x64
		{F627D8BA-FA83-466F-ABC8-3ABB9542E5B4}.Release|x86.ActiveCfg = Release|x86
		{F627D8BA-FA83-466F-ABC8-3ABB9542E5B4}.Release|x86.Build.0 = Release|x86
		{F627D8BA-FA83-466F-ABC8-3ABB9542E5B4}.Release|x86.Deploy.0 = Release|x86
	EndGlobalSection
	GlobalSection(SolutionProperties) = preSolution
		HideSolutionNode = FALSE
	EndGlobalSection
	GlobalSection(ExtensibilityGlobals) = postSolution
		SolutionGuid = {9D7B02B6-A3ED-472D-BC4B-03DFEA387EE1}
	EndGlobalSection
EndGlobal
